Microsoft Visual Studio Solution File, Format Version 12.00
# Visual Studio 15
VisualStudioVersion = 15.0.26124.0
MinimumVisualStudioVersion = 15.0.26124.0
Project("{2150E333-8FDC-42A3-9474-1A3956D46DE8}") = "src", "src", "{942C1DC1-3B85-4BB1-B507-291FDFA7649D}"
EndProject
Project("{FAE04EC0-301F-11D3-BF4B-00C04F79EFBC}") = "Phema.Caching", "src\Phema.Caching\Phema.Caching.csproj", "{A9AF42B3-97A6-4C0B-8504-FEA00C9E728F}"
EndProject
Project("{FAE04EC0-301F-11D3-BF4B-00C04F79EFBC}") = "Phema.Caching.Sandbox", "src\Phema.Caching.Sandbox\Phema.Caching.Sandbox.csproj", "{1F617921-4809-4809-9E82-1FF43D554576}"
EndProject
Project("{FAE04EC0-301F-11D3-BF4B-00C04F79EFBC}") = "Phema.Caching.Extensions", "src\Phema.Caching.Extensions\Phema.Caching.Extensions.csproj", "{E8E9F31A-7449-4F36-90A1-D96521B8D584}"
EndProject
Project("{FAE04EC0-301F-11D3-BF4B-00C04F79EFBC}") = "Phema.Caching.Redis", "src\Phema.Caching.Redis\Phema.Caching.Redis.csproj", "{775B7017-228B-40C8-8348-67846AE3F471}"
EndProject
Project("{FAE04EC0-301F-11D3-BF4B-00C04F79EFBC}") = "Phema.Caching.Extensions.Json", "src\Phema.Caching.Extensions.Json\Phema.Caching.Extensions.Json.csproj", "{89F3B321-A5C3-48CD-9755-FE4DC1462138}"
EndProject
Project("{2150E333-8FDC-42A3-9474-1A3956D46DE8}") = "tests", "tests", "{18439AC7-99AA-4132-B465-07415AC1B471}"
EndProject
Project("{FAE04EC0-301F-11D3-BF4B-00C04F79EFBC}") = "Phema.Caching.Tests", "tests\Phema.Caching.Tests\Phema.Caching.Tests.csproj", "{058A68EB-93CA-4376-A4E9-9E786BE58467}"
EndProject
Global
	GlobalSection(SolutionConfigurationPlatforms) = preSolution
		Debug|Any CPU = Debug|Any CPU
		Debug|x64 = Debug|x64
		Debug|x86 = Debug|x86
		Release|Any CPU = Release|Any CPU
		Release|x64 = Release|x64
		Release|x86 = Release|x86
	EndGlobalSection
	GlobalSection(SolutionProperties) = preSolution
		HideSolutionNode = FALSE
	EndGlobalSection
	GlobalSection(ProjectConfigurationPlatforms) = postSolution
		{A9AF42B3-97A6-4C0B-8504-FEA00C9E728F}.Debug|Any CPU.ActiveCfg = Debug|Any CPU
		{A9AF42B3-97A6-4C0B-8504-FEA00C9E728F}.Debug|Any CPU.Build.0 = Debug|Any CPU
		{A9AF42B3-97A6-4C0B-8504-FEA00C9E728F}.Debug|x64.ActiveCfg = Debug|Any CPU
		{A9AF42B3-97A6-4C0B-8504-FEA00C9E728F}.Debug|x64.Build.0 = Debug|Any CPU
		{A9AF42B3-97A6-4C0B-8504-FEA00C9E728F}.Debug|x86.ActiveCfg = Debug|Any CPU
		{A9AF42B3-97A6-4C0B-8504-FEA00C9E728F}.Debug|x86.Build.0 = Debug|Any CPU
		{A9AF42B3-97A6-4C0B-8504-FEA00C9E728F}.Release|Any CPU.ActiveCfg = Release|Any CPU
		{A9AF42B3-97A6-4C0B-8504-FEA00C9E728F}.Release|Any CPU.Build.0 = Release|Any CPU
		{A9AF42B3-97A6-4C0B-8504-FEA00C9E728F}.Release|x64.ActiveCfg = Release|Any CPU
		{A9AF42B3-97A6-4C0B-8504-FEA00C9E728F}.Release|x64.Build.0 = Release|Any CPU
		{A9AF42B3-97A6-4C0B-8504-FEA00C9E728F}.Release|x86.ActiveCfg = Release|Any CPU
		{A9AF42B3-97A6-4C0B-8504-FEA00C9E728F}.Release|x86.Build.0 = Release|Any CPU
		{1F617921-4809-4809-9E82-1FF43D554576}.Debug|Any CPU.ActiveCfg = Debug|Any CPU
		{1F617921-4809-4809-9E82-1FF43D554576}.Debug|Any CPU.Build.0 = Debug|Any CPU
		{1F617921-4809-4809-9E82-1FF43D554576}.Debug|x64.ActiveCfg = Debug|Any CPU
		{1F617921-4809-4809-9E82-1FF43D554576}.Debug|x64.Build.0 = Debug|Any CPU
		{1F617921-4809-4809-9E82-1FF43D554576}.Debug|x86.ActiveCfg = Debug|Any CPU
		{1F617921-4809-4809-9E82-1FF43D554576}.Debug|x86.Build.0 = Debug|Any CPU
		{1F617921-4809-4809-9E82-1FF43D554576}.Release|Any CPU.ActiveCfg = Release|Any CPU
		{1F617921-4809-4809-9E82-1FF43D554576}.Release|Any CPU.Build.0 = Release|Any CPU
		{1F617921-4809-4809-9E82-1FF43D554576}.Release|x64.ActiveCfg = Release|Any CPU
		{1F617921-4809-4809-9E82-1FF43D554576}.Release|x64.Build.0 = Release|Any CPU
		{1F617921-4809-4809-9E82-1FF43D554576}.Release|x86.ActiveCfg = Release|Any CPU
		{1F617921-4809-4809-9E82-1FF43D554576}.Release|x86.Build.0 = Release|Any CPU
		{E8E9F31A-7449-4F36-90A1-D96521B8D584}.Debug|Any CPU.ActiveCfg = Debug|Any CPU
		{E8E9F31A-7449-4F36-90A1-D96521B8D584}.Debug|Any CPU.Build.0 = Debug|Any CPU
		{E8E9F31A-7449-4F36-90A1-D96521B8D584}.Debug|x64.ActiveCfg = Debug|Any CPU
		{E8E9F31A-7449-4F36-90A1-D96521B8D584}.Debug|x64.Build.0 = Debug|Any CPU
		{E8E9F31A-7449-4F36-90A1-D96521B8D584}.Debug|x86.ActiveCfg = Debug|Any CPU
		{E8E9F31A-7449-4F36-90A1-D96521B8D584}.Debug|x86.Build.0 = Debug|Any CPU
		{E8E9F31A-7449-4F36-90A1-D96521B8D584}.Release|Any CPU.ActiveCfg = Release|Any CPU
		{E8E9F31A-7449-4F36-90A1-D96521B8D584}.Release|Any CPU.Build.0 = Release|Any CPU
		{E8E9F31A-7449-4F36-90A1-D96521B8D584}.Release|x64.ActiveCfg = Release|Any CPU
		{E8E9F31A-7449-4F36-90A1-D96521B8D584}.Release|x64.Build.0 = Release|Any CPU
		{E8E9F31A-7449-4F36-90A1-D96521B8D584}.Release|x86.ActiveCfg = Release|Any CPU
		{E8E9F31A-7449-4F36-90A1-D96521B8D584}.Release|x86.Build.0 = Release|Any CPU
		{775B7017-228B-40C8-8348-67846AE3F471}.Debug|Any CPU.ActiveCfg = Debug|Any CPU
		{775B7017-228B-40C8-8348-67846AE3F471}.Debug|Any CPU.Build.0 = Debug|Any CPU
		{775B7017-228B-40C8-8348-67846AE3F471}.Debug|x64.ActiveCfg = Debug|Any CPU
		{775B7017-228B-40C8-8348-67846AE3F471}.Debug|x64.Build.0 = Debug|Any CPU
		{775B7017-228B-40C8-8348-67846AE3F471}.Debug|x86.ActiveCfg = Debug|Any CPU
		{775B7017-228B-40C8-8348-67846AE3F471}.Debug|x86.Build.0 = Debug|Any CPU
		{775B7017-228B-40C8-8348-67846AE3F471}.Release|Any CPU.ActiveCfg = Release|Any CPU
		{775B7017-228B-40C8-8348-67846AE3F471}.Release|Any CPU.Build.0 = Release|Any CPU
		{775B7017-228B-40C8-8348-67846AE3F471}.Release|x64.ActiveCfg = Release|Any CPU
		{775B7017-228B-40C8-8348-67846AE3F471}.Release|x64.Build.0 = Release|Any CPU
		{775B7017-228B-40C8-8348-67846AE3F471}.Release|x86.ActiveCfg = Release|Any CPU
		{775B7017-228B-40C8-8348-67846AE3F471}.Release|x86.Build.0 = Release|Any CPU
		{89F3B321-A5C3-48CD-9755-FE4DC1462138}.Debug|Any CPU.ActiveCfg = Debug|Any CPU
		{89F3B321-A5C3-48CD-9755-FE4DC1462138}.Debug|Any CPU.Build.0 = Debug|Any CPU
		{89F3B321-A5C3-48CD-9755-FE4DC1462138}.Debug|x64.ActiveCfg = Debug|Any CPU
		{89F3B321-A5C3-48CD-9755-FE4DC1462138}.Debug|x64.Build.0 = Debug|Any CPU
		{89F3B321-A5C3-48CD-9755-FE4DC1462138}.Debug|x86.ActiveCfg = Debug|Any CPU
		{89F3B321-A5C3-48CD-9755-FE4DC1462138}.Debug|x86.Build.0 = Debug|Any CPU
		{89F3B321-A5C3-48CD-9755-FE4DC1462138}.Release|Any CPU.ActiveCfg = Release|Any CPU
		{89F3B321-A5C3-48CD-9755-FE4DC1462138}.Release|Any CPU.Build.0 = Release|Any CPU
		{89F3B321-A5C3-48CD-9755-FE4DC1462138}.Release|x64.ActiveCfg = Release|Any CPU
		{89F3B321-A5C3-48CD-9755-FE4DC1462138}.Release|x64.Build.0 = Release|Any CPU
		{89F3B321-A5C3-48CD-9755-FE4DC1462138}.Release|x86.ActiveCfg = Release|Any CPU
		{89F3B321-A5C3-48CD-9755-FE4DC1462138}.Release|x86.Build.0 = Release|Any CPU
		{058A68EB-93CA-4376-A4E9-9E786BE58467}.Debug|Any CPU.ActiveCfg = Debug|Any CPU
		{058A68EB-93CA-4376-A4E9-9E786BE58467}.Debug|Any CPU.Build.0 = Debug|Any CPU
		{058A68EB-93CA-4376-A4E9-9E786BE58467}.Debug|x64.ActiveCfg = Debug|Any CPU
		{058A68EB-93CA-4376-A4E9-9E786BE58467}.Debug|x64.Build.0 = Debug|Any CPU
		{058A68EB-93CA-4376-A4E9-9E786BE58467}.Debug|x86.ActiveCfg = Debug|Any CPU
		{058A68EB-93CA-4376-A4E9-9E786BE58467}.Debug|x86.Build.0 = Debug|Any CPU
		{058A68EB-93CA-4376-A4E9-9E786BE58467}.Release|Any CPU.ActiveCfg = Release|Any CPU
		{058A68EB-93CA-4376-A4E9-9E786BE58467}.Release|Any CPU.Build.0 = Release|Any CPU
		{058A68EB-93CA-4376-A4E9-9E786BE58467}.Release|x64.ActiveCfg = Release|Any CPU
		{058A68EB-93CA-4376-A4E9-9E786BE58467}.Release|x64.Build.0 = Release|Any CPU
		{058A68EB-93CA-4376-A4E9-9E786BE58467}.Release|x86.ActiveCfg = Release|Any CPU
		{058A68EB-93CA-4376-A4E9-9E786BE58467}.Release|x86.Build.0 = Release|Any CPU
	EndGlobalSection
	GlobalSection(NestedProjects) = preSolution
		{A9AF42B3-97A6-4C0B-8504-FEA00C9E728F} = {942C1DC1-3B85-4BB1-B507-291FDFA7649D}
		{1F617921-4809-4809-9E82-1FF43D554576} = {942C1DC1-3B85-4BB1-B507-291FDFA7649D}
		{E8E9F31A-7449-4F36-90A1-D96521B8D584} = {942C1DC1-3B85-4BB1-B507-291FDFA7649D}
		{775B7017-228B-40C8-8348-67846AE3F471} = {942C1DC1-3B85-4BB1-B507-291FDFA7649D}
		{89F3B321-A5C3-48CD-9755-FE4DC1462138} = {942C1DC1-3B85-4BB1-B507-291FDFA7649D}
		{058A68EB-93CA-4376-A4E9-9E786BE58467} = {18439AC7-99AA-4132-B465-07415AC1B471}
	EndGlobalSection
EndGlobal
