Microsoft Visual Studio Solution File, Format Version 12.00
# Visual Studio 15
VisualStudioVersion = 15.0.26124.0
MinimumVisualStudioVersion = 15.0.26124.0
Project("{2150E333-8FDC-42A3-9474-1A3956D46DE8}") = "src", "src", "{942C1DC1-3B85-4BB1-B507-291FDFA7649D}"
EndProject
Project("{FAE04EC0-301F-11D3-BF4B-00C04F79EFBC}") = "Phema.Caching", "src\Phema.Caching\Phema.Caching.csproj", "{A9AF42B3-97A6-4C0B-8504-FEA00C9E728F}"
EndProject
Project("{2150E333-8FDC-42A3-9474-1A3956D46DE8}") = "tests", "tests", "{18439AC7-99AA-4132-B465-07415AC1B471}"
EndProject
Project("{FAE04EC0-301F-11D3-BF4B-00C04F79EFBC}") = "Phema.Caching.Tests", "tests\Phema.Caching.Tests\Phema.Caching.Tests.csproj", "{058A68EB-93CA-4376-A4E9-9E786BE58467}"
EndProject
Project("{FAE04EC0-301F-11D3-BF4B-00C04F79EFBC}") = "Phema.Caching.Core", "src\Phema.Caching.Core\Phema.Caching.Core.csproj", "{92BB8481-5D54-4FF0-8FF4-93FDC51E8E4B}"
EndProject
Project("{FAE04EC0-301F-11D3-BF4B-00C04F79EFBC}") = "Phema.Caching.Redis", "src\Phema.Caching.Redis\Phema.Caching.Redis.csproj", "{FB3ACCFA-6373-43C0-9C81-164F3D0755BF}"
EndProject
Project("{FAE04EC0-301F-11D3-BF4B-00C04F79EFBC}") = "Phema.Caching.Redis.Tests", "tests\Phema.Caching.Redis.Tests\Phema.Caching.Redis.Tests.csproj", "{F65425E3-3EB9-4B25-A187-7563145CDB87}"
EndProject
Project("{FAE04EC0-301F-11D3-BF4B-00C04F79EFBC}") = "Phema.Caching.Memory", "src\Phema.Caching.Memory\Phema.Caching.Memory.csproj", "{9E7F42FD-B943-4588-8128-77EE8E07E0FF}"
EndProject
Project("{FAE04EC0-301F-11D3-BF4B-00C04F79EFBC}") = "Phema.Caching.Memory.Tests", "tests\Phema.Caching.Memory.Tests\Phema.Caching.Memory.Tests.csproj", "{5938FA85-6FBF-4FA2-89EB-CD9089F68CA1}"
EndProject
Global
	GlobalSection(SolutionConfigurationPlatforms) = preSolution
		Debug|Any CPU = Debug|Any CPU
		Debug|x64 = Debug|x64
		Debug|x86 = Debug|x86
		Release|Any CPU = Release|Any CPU
		Release|x64 = Release|x64
		Release|x86 = Release|x86
	EndGlobalSection
	GlobalSection(SolutionProperties) = preSolution
		HideSolutionNode = FALSE
	EndGlobalSection
	GlobalSection(ProjectConfigurationPlatforms) = postSolution
		{A9AF42B3-97A6-4C0B-8504-FEA00C9E728F}.Debug|Any CPU.ActiveCfg = Debug|Any CPU
		{A9AF42B3-97A6-4C0B-8504-FEA00C9E728F}.Debug|Any CPU.Build.0 = Debug|Any CPU
		{A9AF42B3-97A6-4C0B-8504-FEA00C9E728F}.Debug|x64.ActiveCfg = Debug|Any CPU
		{A9AF42B3-97A6-4C0B-8504-FEA00C9E728F}.Debug|x64.Build.0 = Debug|Any CPU
		{A9AF42B3-97A6-4C0B-8504-FEA00C9E728F}.Debug|x86.ActiveCfg = Debug|Any CPU
		{A9AF42B3-97A6-4C0B-8504-FEA00C9E728F}.Debug|x86.Build.0 = Debug|Any CPU
		{A9AF42B3-97A6-4C0B-8504-FEA00C9E728F}.Release|Any CPU.ActiveCfg = Release|Any CPU
		{A9AF42B3-97A6-4C0B-8504-FEA00C9E728F}.Release|Any CPU.Build.0 = Release|Any CPU
		{A9AF42B3-97A6-4C0B-8504-FEA00C9E728F}.Release|x64.ActiveCfg = Release|Any CPU
		{A9AF42B3-97A6-4C0B-8504-FEA00C9E728F}.Release|x64.Build.0 = Release|Any CPU
		{A9AF42B3-97A6-4C0B-8504-FEA00C9E728F}.Release|x86.ActiveCfg = Release|Any CPU
		{A9AF42B3-97A6-4C0B-8504-FEA00C9E728F}.Release|x86.Build.0 = Release|Any CPU
		{058A68EB-93CA-4376-A4E9-9E786BE58467}.Debug|Any CPU.ActiveCfg = Debug|Any CPU
		{058A68EB-93CA-4376-A4E9-9E786BE58467}.Debug|Any CPU.Build.0 = Debug|Any CPU
		{058A68EB-93CA-4376-A4E9-9E786BE58467}.Debug|x64.ActiveCfg = Debug|Any CPU
		{058A68EB-93CA-4376-A4E9-9E786BE58467}.Debug|x64.Build.0 = Debug|Any CPU
		{058A68EB-93CA-4376-A4E9-9E786BE58467}.Debug|x86.ActiveCfg = Debug|Any CPU
		{058A68EB-93CA-4376-A4E9-9E786BE58467}.Debug|x86.Build.0 = Debug|Any CPU
		{058A68EB-93CA-4376-A4E9-9E786BE58467}.Release|Any CPU.ActiveCfg = Release|Any CPU
		{058A68EB-93CA-4376-A4E9-9E786BE58467}.Release|Any CPU.Build.0 = Release|Any CPU
		{058A68EB-93CA-4376-A4E9-9E786BE58467}.Release|x64.ActiveCfg = Release|Any CPU
		{058A68EB-93CA-4376-A4E9-9E786BE58467}.Release|x64.Build.0 = Release|Any CPU
		{058A68EB-93CA-4376-A4E9-9E786BE58467}.Release|x86.ActiveCfg = Release|Any CPU
		{058A68EB-93CA-4376-A4E9-9E786BE58467}.Release|x86.Build.0 = Release|Any CPU
		{92BB8481-5D54-4FF0-8FF4-93FDC51E8E4B}.Debug|Any CPU.ActiveCfg = Debug|Any CPU
		{92BB8481-5D54-4FF0-8FF4-93FDC51E8E4B}.Debug|Any CPU.Build.0 = Debug|Any CPU
		{92BB8481-5D54-4FF0-8FF4-93FDC51E8E4B}.Debug|x64.ActiveCfg = Debug|Any CPU
		{92BB8481-5D54-4FF0-8FF4-93FDC51E8E4B}.Debug|x64.Build.0 = Debug|Any CPU
		{92BB8481-5D54-4FF0-8FF4-93FDC51E8E4B}.Debug|x86.ActiveCfg = Debug|Any CPU
		{92BB8481-5D54-4FF0-8FF4-93FDC51E8E4B}.Debug|x86.Build.0 = Debug|Any CPU
		{92BB8481-5D54-4FF0-8FF4-93FDC51E8E4B}.Release|Any CPU.ActiveCfg = Release|Any CPU
		{92BB8481-5D54-4FF0-8FF4-93FDC51E8E4B}.Release|Any CPU.Build.0 = Release|Any CPU
		{92BB8481-5D54-4FF0-8FF4-93FDC51E8E4B}.Release|x64.ActiveCfg = Release|Any CPU
		{92BB8481-5D54-4FF0-8FF4-93FDC51E8E4B}.Release|x64.Build.0 = Release|Any CPU
		{92BB8481-5D54-4FF0-8FF4-93FDC51E8E4B}.Release|x86.ActiveCfg = Release|Any CPU
		{92BB8481-5D54-4FF0-8FF4-93FDC51E8E4B}.Release|x86.Build.0 = Release|Any CPU
		{FB3ACCFA-6373-43C0-9C81-164F3D0755BF}.Debug|Any CPU.ActiveCfg = Debug|Any CPU
		{FB3ACCFA-6373-43C0-9C81-164F3D0755BF}.Debug|Any CPU.Build.0 = Debug|Any CPU
		{FB3ACCFA-6373-43C0-9C81-164F3D0755BF}.Debug|x64.ActiveCfg = Debug|Any CPU
		{FB3ACCFA-6373-43C0-9C81-164F3D0755BF}.Debug|x64.Build.0 = Debug|Any CPU
		{FB3ACCFA-6373-43C0-9C81-164F3D0755BF}.Debug|x86.ActiveCfg = Debug|Any CPU
		{FB3ACCFA-6373-43C0-9C81-164F3D0755BF}.Debug|x86.Build.0 = Debug|Any CPU
		{FB3ACCFA-6373-43C0-9C81-164F3D0755BF}.Release|Any CPU.ActiveCfg = Release|Any CPU
		{FB3ACCFA-6373-43C0-9C81-164F3D0755BF}.Release|Any CPU.Build.0 = Release|Any CPU
		{FB3ACCFA-6373-43C0-9C81-164F3D0755BF}.Release|x64.ActiveCfg = Release|Any CPU
		{FB3ACCFA-6373-43C0-9C81-164F3D0755BF}.Release|x64.Build.0 = Release|Any CPU
		{FB3ACCFA-6373-43C0-9C81-164F3D0755BF}.Release|x86.ActiveCfg = Release|Any CPU
		{FB3ACCFA-6373-43C0-9C81-164F3D0755BF}.Release|x86.Build.0 = Release|Any CPU
		{F65425E3-3EB9-4B25-A187-7563145CDB87}.Debug|Any CPU.ActiveCfg = Debug|Any CPU
		{F65425E3-3EB9-4B25-A187-7563145CDB87}.Debug|Any CPU.Build.0 = Debug|Any CPU
		{F65425E3-3EB9-4B25-A187-7563145CDB87}.Debug|x64.ActiveCfg = Debug|Any CPU
		{F65425E3-3EB9-4B25-A187-7563145CDB87}.Debug|x64.Build.0 = Debug|Any CPU
		{F65425E3-3EB9-4B25-A187-7563145CDB87}.Debug|x86.ActiveCfg = Debug|Any CPU
		{F65425E3-3EB9-4B25-A187-7563145CDB87}.Debug|x86.Build.0 = Debug|Any CPU
		{F65425E3-3EB9-4B25-A187-7563145CDB87}.Release|Any CPU.ActiveCfg = Release|Any CPU
		{F65425E3-3EB9-4B25-A187-7563145CDB87}.Release|Any CPU.Build.0 = Release|Any CPU
		{F65425E3-3EB9-4B25-A187-7563145CDB87}.Release|x64.ActiveCfg = Release|Any CPU
		{F65425E3-3EB9-4B25-A187-7563145CDB87}.Release|x64.Build.0 = Release|Any CPU
		{F65425E3-3EB9-4B25-A187-7563145CDB87}.Release|x86.ActiveCfg = Release|Any CPU
		{F65425E3-3EB9-4B25-A187-7563145CDB87}.Release|x86.Build.0 = Release|Any CPU
		{9E7F42FD-B943-4588-8128-77EE8E07E0FF}.Debug|Any CPU.ActiveCfg = Debug|Any CPU
		{9E7F42FD-B943-4588-8128-77EE8E07E0FF}.Debug|Any CPU.Build.0 = Debug|Any CPU
		{9E7F42FD-B943-4588-8128-77EE8E07E0FF}.Debug|x64.ActiveCfg = Debug|Any CPU
		{9E7F42FD-B943-4588-8128-77EE8E07E0FF}.Debug|x64.Build.0 = Debug|Any CPU
		{9E7F42FD-B943-4588-8128-77EE8E07E0FF}.Debug|x86.ActiveCfg = Debug|Any CPU
		{9E7F42FD-B943-4588-8128-77EE8E07E0FF}.Debug|x86.Build.0 = Debug|Any CPU
		{9E7F42FD-B943-4588-8128-77EE8E07E0FF}.Release|Any CPU.ActiveCfg = Release|Any CPU
		{9E7F42FD-B943-4588-8128-77EE8E07E0FF}.Release|Any CPU.Build.0 = Release|Any CPU
		{9E7F42FD-B943-4588-8128-77EE8E07E0FF}.Release|x64.ActiveCfg = Release|Any CPU
		{9E7F42FD-B943-4588-8128-77EE8E07E0FF}.Release|x64.Build.0 = Release|Any CPU
		{9E7F42FD-B943-4588-8128-77EE8E07E0FF}.Release|x86.ActiveCfg = Release|Any CPU
		{9E7F42FD-B943-4588-8128-77EE8E07E0FF}.Release|x86.Build.0 = Release|Any CPU
		{5938FA85-6FBF-4FA2-89EB-CD9089F68CA1}.Debug|Any CPU.ActiveCfg = Debug|Any CPU
		{5938FA85-6FBF-4FA2-89EB-CD9089F68CA1}.Debug|Any CPU.Build.0 = Debug|Any CPU
		{5938FA85-6FBF-4FA2-89EB-CD9089F68CA1}.Debug|x64.ActiveCfg = Debug|Any CPU
		{5938FA85-6FBF-4FA2-89EB-CD9089F68CA1}.Debug|x64.Build.0 = Debug|Any CPU
		{5938FA85-6FBF-4FA2-89EB-CD9089F68CA1}.Debug|x86.ActiveCfg = Debug|Any CPU
		{5938FA85-6FBF-4FA2-89EB-CD9089F68CA1}.Debug|x86.Build.0 = Debug|Any CPU
		{5938FA85-6FBF-4FA2-89EB-CD9089F68CA1}.Release|Any CPU.ActiveCfg = Release|Any CPU
		{5938FA85-6FBF-4FA2-89EB-CD9089F68CA1}.Release|Any CPU.Build.0 = Release|Any CPU
		{5938FA85-6FBF-4FA2-89EB-CD9089F68CA1}.Release|x64.ActiveCfg = Release|Any CPU
		{5938FA85-6FBF-4FA2-89EB-CD9089F68CA1}.Release|x64.Build.0 = Release|Any CPU
		{5938FA85-6FBF-4FA2-89EB-CD9089F68CA1}.Release|x86.ActiveCfg = Release|Any CPU
		{5938FA85-6FBF-4FA2-89EB-CD9089F68CA1}.Release|x86.Build.0 = Release|Any CPU
	EndGlobalSection
	GlobalSection(NestedProjects) = preSolution
		{A9AF42B3-97A6-4C0B-8504-FEA00C9E728F} = {942C1DC1-3B85-4BB1-B507-291FDFA7649D}
		{058A68EB-93CA-4376-A4E9-9E786BE58467} = {18439AC7-99AA-4132-B465-07415AC1B471}
		{92BB8481-5D54-4FF0-8FF4-93FDC51E8E4B} = {942C1DC1-3B85-4BB1-B507-291FDFA7649D}
		{FB3ACCFA-6373-43C0-9C81-164F3D0755BF} = {942C1DC1-3B85-4BB1-B507-291FDFA7649D}
		{F65425E3-3EB9-4B25-A187-7563145CDB87} = {18439AC7-99AA-4132-B465-07415AC1B471}
		{9E7F42FD-B943-4588-8128-77EE8E07E0FF} = {942C1DC1-3B85-4BB1-B507-291FDFA7649D}
		{5938FA85-6FBF-4FA2-89EB-CD9089F68CA1} = {18439AC7-99AA-4132-B465-07415AC1B471}
	EndGlobalSection
EndGlobal
